
Microsoft Visual Studio Solution File, Format Version 12.00
Project("{FAE04EC0-301F-11D3-BF4B-00C04F79EFBC}") = "AkkaActorProviderConfigRepro", "AkkaActorProviderConfigRepro\AkkaActorProviderConfigRepro.csproj", "{ACAC5612-C926-4CD0-96A0-39DDCFF66612}"
EndProject
Global
	GlobalSection(SolutionConfigurationPlatforms) = preSolution
		Debug|Any CPU = Debug|Any CPU
		Release|Any CPU = Release|Any CPU
	EndGlobalSection
	GlobalSection(ProjectConfigurationPlatforms) = postSolution
		{ACAC5612-C926-4CD0-96A0-39DDCFF66612}.Debug|Any CPU.ActiveCfg = Debug|Any CPU
		{ACAC5612-C926-4CD0-96A0-39DDCFF66612}.Debug|Any CPU.Build.0 = Debug|Any CPU
		{ACAC5612-C926-4CD0-96A0-39DDCFF66612}.Release|Any CPU.ActiveCfg = Release|Any CPU
		{ACAC5612-C926-4CD0-96A0-39DDCFF66612}.Release|Any CPU.Build.0 = Release|Any CPU
	EndGlobalSection
EndGlobal
